// !$*UTF8*$!
{
	archiveVersion = 1;
	classes = {
	};
	objectVersion = 56;
	objects = {

/* Begin PBXBuildFile section */
		E65ED3A02A12E2290062DC4E /* AppDelegate.swift in Sources */ = {isa = PBXBuildFile; fileRef = E65ED39F2A12E2290062DC4E /* AppDelegate.swift */; };
		E65ED3A22A12E2290062DC4E /* SceneDelegate.swift in Sources */ = {isa = PBXBuildFile; fileRef = E65ED3A12A12E2290062DC4E /* SceneDelegate.swift */; };
		E65ED3A42A12E2290062DC4E /* ViewController.swift in Sources */ = {isa = PBXBuildFile; fileRef = E65ED3A32A12E2290062DC4E /* ViewController.swift */; };
		E65ED3A92A12E22B0062DC4E /* Assets.xcassets in Resources */ = {isa = PBXBuildFile; fileRef = E65ED3A82A12E22B0062DC4E /* Assets.xcassets */; };
		E65ED3AC2A12E22B0062DC4E /* LaunchScreen.storyboard in Resources */ = {isa = PBXBuildFile; fileRef = E65ED3AA2A12E22B0062DC4E /* LaunchScreen.storyboard */; };
		E6B9A6842A17764600F8E6BC /* BMIViewController.swift in Sources */ = {isa = PBXBuildFile; fileRef = E6B9A6832A17764600F8E6BC /* BMIViewController.swift */; };
		E6B9A6862A17F8F700F8E6BC /* HomeViewController.swift in Sources */ = {isa = PBXBuildFile; fileRef = E6B9A6852A17F8F700F8E6BC /* HomeViewController.swift */; };
		E6B9A6902A19A55500F8E6BC /* ExercisePlanViewController.swift in Sources */ = {isa = PBXBuildFile; fileRef = E6B9A68F2A19A55500F8E6BC /* ExercisePlanViewController.swift */; };
		E6B9A6932A19A69600F8E6BC /* ExercisePlanTableViewCell.swift in Sources */ = {isa = PBXBuildFile; fileRef = E6B9A6922A19A69600F8E6BC /* ExercisePlanTableViewCell.swift */; };
		E6B9A6962A19AED500F8E6BC /* Firebase.swift in Sources */ = {isa = PBXBuildFile; fileRef = E6B9A6952A19AED500F8E6BC /* Firebase.swift */; };
		E6B9A6992A19AF9900F8E6BC /* Exercise.swift in Sources */ = {isa = PBXBuildFile; fileRef = E6B9A6982A19AF9900F8E6BC /* Exercise.swift */; };
		E6B9A69B2A19C8AF00F8E6BC /* ImageFetcher.swift in Sources */ = {isa = PBXBuildFile; fileRef = E6B9A69A2A19C8AF00F8E6BC /* ImageFetcher.swift */; };
		E6B9A69D2A19D7F400F8E6BC /* PlanDetailsViewController.swift in Sources */ = {isa = PBXBuildFile; fileRef = E6B9A69C2A19D7F400F8E6BC /* PlanDetailsViewController.swift */; };
/* End PBXBuildFile section */

/* Begin PBXFileReference section */
		E65ED39C2A12E2290062DC4E /* FitMate.app */ = {isa = PBXFileReference; explicitFileType = wrapper.application; includeInIndex = 0; path = FitMate.app; sourceTree = BUILT_PRODUCTS_DIR; };
		E65ED39F2A12E2290062DC4E /* AppDelegate.swift */ = {isa = PBXFileReference; lastKnownFileType = sourcecode.swift; path = AppDelegate.swift; sourceTree = "<group>"; };
		E65ED3A12A12E2290062DC4E /* SceneDelegate.swift */ = {isa = PBXFileReference; lastKnownFileType = sourcecode.swift; path = SceneDelegate.swift; sourceTree = "<group>"; };
		E65ED3A32A12E2290062DC4E /* ViewController.swift */ = {isa = PBXFileReference; lastKnownFileType = sourcecode.swift; path = ViewController.swift; sourceTree = "<group>"; };
		E65ED3A82A12E22B0062DC4E /* Assets.xcassets */ = {isa = PBXFileReference; lastKnownFileType = folder.assetcatalog; path = Assets.xcassets; sourceTree = "<group>"; };
		E65ED3AB2A12E22B0062DC4E /* Base */ = {isa = PBXFileReference; lastKnownFileType = file.storyboard; name = Base; path = Base.lproj/LaunchScreen.storyboard; sourceTree = "<group>"; };
		E65ED3AD2A12E22B0062DC4E /* Info.plist */ = {isa = PBXFileReference; lastKnownFileType = text.plist.xml; path = Info.plist; sourceTree = "<group>"; };
		E6B9A6832A17764600F8E6BC /* BMIViewController.swift */ = {isa = PBXFileReference; lastKnownFileType = sourcecode.swift; path = BMIViewController.swift; sourceTree = "<group>"; };
		E6B9A6852A17F8F700F8E6BC /* HomeViewController.swift */ = {isa = PBXFileReference; lastKnownFileType = sourcecode.swift; path = HomeViewController.swift; sourceTree = "<group>"; };
		E6B9A68F2A19A55500F8E6BC /* ExercisePlanViewController.swift */ = {isa = PBXFileReference; lastKnownFileType = sourcecode.swift; path = ExercisePlanViewController.swift; sourceTree = "<group>"; };
		E6B9A6922A19A69600F8E6BC /* ExercisePlanTableViewCell.swift */ = {isa = PBXFileReference; lastKnownFileType = sourcecode.swift; path = ExercisePlanTableViewCell.swift; sourceTree = "<group>"; };
		E6B9A6952A19AED500F8E6BC /* Firebase.swift */ = {isa = PBXFileReference; lastKnownFileType = sourcecode.swift; path = Firebase.swift; sourceTree = "<group>"; };
		E6B9A6982A19AF9900F8E6BC /* Exercise.swift */ = {isa = PBXFileReference; lastKnownFileType = sourcecode.swift; path = Exercise.swift; sourceTree = "<group>"; };
		E6B9A69A2A19C8AF00F8E6BC /* ImageFetcher.swift */ = {isa = PBXFileReference; lastKnownFileType = sourcecode.swift; path = ImageFetcher.swift; sourceTree = "<group>"; };
		E6B9A69C2A19D7F400F8E6BC /* PlanDetailsViewController.swift */ = {isa = PBXFileReference; lastKnownFileType = sourcecode.swift; path = PlanDetailsViewController.swift; sourceTree = "<group>"; };
/* End PBXFileReference section */

/* Begin PBXFrameworksBuildPhase section */
		E65ED3992A12E2290062DC4E /* Frameworks */ = {
			isa = PBXFrameworksBuildPhase;
			buildActionMask = 2147483647;
			files = (
			);
			runOnlyForDeploymentPostprocessing = 0;
		};
/* End PBXFrameworksBuildPhase section */

/* Begin PBXGroup section */
		E65ED3932A12E2290062DC4E = {
			isa = PBXGroup;
			children = (
				E65ED39E2A12E2290062DC4E /* FitMate */,
				E65ED39D2A12E2290062DC4E /* Products */,
			);
			sourceTree = "<group>";
		};
		E65ED39D2A12E2290062DC4E /* Products */ = {
			isa = PBXGroup;
			children = (
				E65ED39C2A12E2290062DC4E /* FitMate.app */,
			);
			name = Products;
			sourceTree = "<group>";
		};
		E65ED39E2A12E2290062DC4E /* FitMate */ = {
			isa = PBXGroup;
			children = (
				E6B9A6972A19AF8300F8E6BC /* Modal */,
				E6B9A6942A19AE6E00F8E6BC /* Services */,
				E6B9A6912A19A59B00F8E6BC /* ListItems */,
				E65ED39F2A12E2290062DC4E /* AppDelegate.swift */,
				E65ED3A12A12E2290062DC4E /* SceneDelegate.swift */,
				E65ED3A32A12E2290062DC4E /* ViewController.swift */,
				E65ED3A82A12E22B0062DC4E /* Assets.xcassets */,
				E65ED3AA2A12E22B0062DC4E /* LaunchScreen.storyboard */,
				E65ED3AD2A12E22B0062DC4E /* Info.plist */,
				E6B9A6832A17764600F8E6BC /* BMIViewController.swift */,
				E6B9A6852A17F8F700F8E6BC /* HomeViewController.swift */,
				E6B9A68F2A19A55500F8E6BC /* ExercisePlanViewController.swift */,
				E6B9A69C2A19D7F400F8E6BC /* PlanDetailsViewController.swift */,
			);
			path = FitMate;
			sourceTree = "<group>";
		};
		E6B9A6912A19A59B00F8E6BC /* ListItems */ = {
			isa = PBXGroup;
			children = (
				E6B9A6922A19A69600F8E6BC /* ExercisePlanTableViewCell.swift */,
			);
			path = ListItems;
			sourceTree = "<group>";
		};
		E6B9A6942A19AE6E00F8E6BC /* Services */ = {
			isa = PBXGroup;
			children = (
				E6B9A6952A19AED500F8E6BC /* Firebase.swift */,
				E6B9A69A2A19C8AF00F8E6BC /* ImageFetcher.swift */,
			);
			path = Services;
			sourceTree = "<group>";
		};
		E6B9A6972A19AF8300F8E6BC /* Modal */ = {
			isa = PBXGroup;
			children = (
				E6B9A6982A19AF9900F8E6BC /* Exercise.swift */,
			);
			path = Modal;
			sourceTree = "<group>";
		};
/* End PBXGroup section */

/* Begin PBXNativeTarget section */
		E65ED39B2A12E2290062DC4E /* FitMate */ = {
			isa = PBXNativeTarget;
			buildConfigurationList = E65ED3B02A12E22B0062DC4E /* Build configuration list for PBXNativeTarget "FitMate" */;
			buildPhases = (
				E65ED3982A12E2290062DC4E /* Sources */,
				E65ED3992A12E2290062DC4E /* Frameworks */,
				E65ED39A2A12E2290062DC4E /* Resources */,
			);
			buildRules = (
			);
			dependencies = (
			);
			name = FitMate;
			productName = FitMate;
			productReference = E65ED39C2A12E2290062DC4E /* FitMate.app */;
			productType = "com.apple.product-type.application";
		};
/* End PBXNativeTarget section */

/* Begin PBXProject section */
		E65ED3942A12E2290062DC4E /* Project object */ = {
			isa = PBXProject;
			attributes = {
				BuildIndependentTargetsInParallel = 1;
				LastSwiftUpdateCheck = 1420;
				LastUpgradeCheck = 1420;
				TargetAttributes = {
					E65ED39B2A12E2290062DC4E = {
						CreatedOnToolsVersion = 14.2;
					};
				};
			};
			buildConfigurationList = E65ED3972A12E2290062DC4E /* Build configuration list for PBXProject "FitMate" */;
			compatibilityVersion = "Xcode 14.0";
			developmentRegion = en;
			hasScannedForEncodings = 0;
			knownRegions = (
				en,
				Base,
			);
			mainGroup = E65ED3932A12E2290062DC4E;
			productRefGroup = E65ED39D2A12E2290062DC4E /* Products */;
			projectDirPath = "";
			projectRoot = "";
			targets = (
				E65ED39B2A12E2290062DC4E /* FitMate */,
			);
		};
/* End PBXProject section */

/* Begin PBXResourcesBuildPhase section */
		E65ED39A2A12E2290062DC4E /* Resources */ = {
			isa = PBXResourcesBuildPhase;
			buildActionMask = 2147483647;
			files = (
				E65ED3AC2A12E22B0062DC4E /* LaunchScreen.storyboard in Resources */,
				E65ED3A92A12E22B0062DC4E /* Assets.xcassets in Resources */,
			);
			runOnlyForDeploymentPostprocessing = 0;
		};
/* End PBXResourcesBuildPhase section */

/* Begin PBXSourcesBuildPhase section */
		E65ED3982A12E2290062DC4E /* Sources */ = {
			isa = PBXSourcesBuildPhase;
			buildActionMask = 2147483647;
			files = (
				E6B9A69D2A19D7F400F8E6BC /* PlanDetailsViewController.swift in Sources */,
				E6B9A6862A17F8F700F8E6BC /* HomeViewController.swift in Sources */,
				E65ED3A42A12E2290062DC4E /* ViewController.swift in Sources */,
				E6B9A6962A19AED500F8E6BC /* Firebase.swift in Sources */,
				E6B9A6902A19A55500F8E6BC /* ExercisePlanViewController.swift in Sources */,
				E6B9A6932A19A69600F8E6BC /* ExercisePlanTableViewCell.swift in Sources */,
				E6B9A6842A17764600F8E6BC /* BMIViewController.swift in Sources */,
				E65ED3A02A12E2290062DC4E /* AppDelegate.swift in Sources */,
				E65ED3A22A12E2290062DC4E /* SceneDelegate.swift in Sources */,
				E6B9A6992A19AF9900F8E6BC /* Exercise.swift in Sources */,
				E6B9A69B2A19C8AF00F8E6BC /* ImageFetcher.swift in Sources */,
			);
			runOnlyForDeploymentPostprocessing = 0;
		};
/* End PBXSourcesBuildPhase section */

/* Begin PBXVariantGroup section */
		E65ED3AA2A12E22B0062DC4E /* LaunchScreen.storyboard */ = {
			isa = PBXVariantGroup;
			children = (
				E65ED3AB2A12E22B0062DC4E /* Base */,
			);
			name = LaunchScreen.storyboard;
			sourceTree = "<group>";
		};
/* End PBXVariantGroup section */

/* Begin XCBuildConfiguration section */
		E65ED3AE2A12E22B0062DC4E /* Debug */ = {
			isa = XCBuildConfiguration;
			buildSettings = {
				ALWAYS_SEARCH_USER_PATHS = NO;
				CLANG_ANALYZER_NONNULL = YES;
				CLANG_ANALYZER_NUMBER_OBJECT_CONVERSION = YES_AGGRESSIVE;
				CLANG_CXX_LANGUAGE_STANDARD = "gnu++20";
				CLANG_ENABLE_MODULES = YES;
				CLANG_ENABLE_OBJC_ARC = YES;
				CLANG_ENABLE_OBJC_WEAK = YES;
				CLANG_WARN_BLOCK_CAPTURE_AUTORELEASING = YES;
				CLANG_WARN_BOOL_CONVERSION = YES;
				CLANG_WARN_COMMA = YES;
				CLANG_WARN_CONSTANT_CONVERSION = YES;
				CLANG_WARN_DEPRECATED_OBJC_IMPLEMENTATIONS = YES;
				CLANG_WARN_DIRECT_OBJC_ISA_USAGE = YES_ERROR;
				CLANG_WARN_DOCUMENTATION_COMMENTS = YES;
				CLANG_WARN_EMPTY_BODY = YES;
				CLANG_WARN_ENUM_CONVERSION = YES;
				CLANG_WARN_INFINITE_RECURSION = YES;
				CLANG_WARN_INT_CONVERSION = YES;
				CLANG_WARN_NON_LITERAL_NULL_CONVERSION = YES;
				CLANG_WARN_OBJC_IMPLICIT_RETAIN_SELF = YES;
				CLANG_WARN_OBJC_LITERAL_CONVERSION = YES;
				CLANG_WARN_OBJC_ROOT_CLASS = YES_ERROR;
				CLANG_WARN_QUOTED_INCLUDE_IN_FRAMEWORK_HEADER = YES;
				CLANG_WARN_RANGE_LOOP_ANALYSIS = YES;
				CLANG_WARN_STRICT_PROTOTYPES = YES;
				CLANG_WARN_SUSPICIOUS_MOVE = YES;
				CLANG_WARN_UNGUARDED_AVAILABILITY = YES_AGGRESSIVE;
				CLANG_WARN_UNREACHABLE_CODE = YES;
				CLANG_WARN__DUPLICATE_METHOD_MATCH = YES;
				COPY_PHASE_STRIP = NO;
				DEBUG_INFORMATION_FORMAT = dwarf;
				ENABLE_STRICT_OBJC_MSGSEND = YES;
				ENABLE_TESTABILITY = YES;
				GCC_C_LANGUAGE_STANDARD = gnu11;
				GCC_DYNAMIC_NO_PIC = NO;
				GCC_NO_COMMON_BLOCKS = YES;
				GCC_OPTIMIZATION_LEVEL = 0;
				GCC_PREPROCESSOR_DEFINITIONS = (
					"DEBUG=1",
					"$(inherited)",
				);
				GCC_WARN_64_TO_32_BIT_CONVERSION = YES;
				GCC_WARN_ABOUT_RETURN_TYPE = YES_ERROR;
				GCC_WARN_UNDECLARED_SELECTOR = YES;
				GCC_WARN_UNINITIALIZED_AUTOS = YES_AGGRESSIVE;
				GCC_WARN_UNUSED_FUNCTION = YES;
				GCC_WARN_UNUSED_VARIABLE = YES;
				IPHONEOS_DEPLOYMENT_TARGET = 16.2;
				MTL_ENABLE_DEBUG_INFO = INCLUDE_SOURCE;
				MTL_FAST_MATH = YES;
				ONLY_ACTIVE_ARCH = YES;
				SDKROOT = iphoneos;
				SWIFT_ACTIVE_COMPILATION_CONDITIONS = DEBUG;
				SWIFT_OPTIMIZATION_LEVEL = "-Onone";
			};
			name = Debug;
		};
		E65ED3AF2A12E22B0062DC4E /* Release */ = {
			isa = XCBuildConfiguration;
			buildSettings = {
				ALWAYS_SEARCH_USER_PATHS = NO;
				CLANG_ANALYZER_NONNULL = YES;
				CLANG_ANALYZER_NUMBER_OBJECT_CONVERSION = YES_AGGRESSIVE;
				CLANG_CXX_LANGUAGE_STANDARD = "gnu++20";
				CLANG_ENABLE_MODULES = YES;
				CLANG_ENABLE_OBJC_ARC = YES;
				CLANG_ENABLE_OBJC_WEAK = YES;
				CLANG_WARN_BLOCK_CAPTURE_AUTORELEASING = YES;
				CLANG_WARN_BOOL_CONVERSION = YES;
				CLANG_WARN_COMMA = YES;
				CLANG_WARN_CONSTANT_CONVERSION = YES;
				CLANG_WARN_DEPRECATED_OBJC_IMPLEMENTATIONS = YES;
				CLANG_WARN_DIRECT_OBJC_ISA_USAGE = YES_ERROR;
				CLANG_WARN_DOCUMENTATION_COMMENTS = YES;
				CLANG_WARN_EMPTY_BODY = YES;
				CLANG_WARN_ENUM_CONVERSION = YES;
				CLANG_WARN_INFINITE_RECURSION = YES;
				CLANG_WARN_INT_CONVERSION = YES;
				CLANG_WARN_NON_LITERAL_NULL_CONVERSION = YES;
				CLANG_WARN_OBJC_IMPLICIT_RETAIN_SELF = YES;
				CLANG_WARN_OBJC_LITERAL_CONVERSION = YES;
				CLANG_WARN_OBJC_ROOT_CLASS = YES_ERROR;
				CLANG_WARN_QUOTED_INCLUDE_IN_FRAMEWORK_HEADER = YES;
				CLANG_WARN_RANGE_LOOP_ANALYSIS = YES;
				CLANG_WARN_STRICT_PROTOTYPES = YES;
				CLANG_WARN_SUSPICIOUS_MOVE = YES;
				CLANG_WARN_UNGUARDED_AVAILABILITY = YES_AGGRESSIVE;
				CLANG_WARN_UNREACHABLE_CODE = YES;
				CLANG_WARN__DUPLICATE_METHOD_MATCH = YES;
				COPY_PHASE_STRIP = NO;
				DEBUG_INFORMATION_FORMAT = "dwarf-with-dsym";
				ENABLE_NS_ASSERTIONS = NO;
				ENABLE_STRICT_OBJC_MSGSEND = YES;
				GCC_C_LANGUAGE_STANDARD = gnu11;
				GCC_NO_COMMON_BLOCKS = YES;
				GCC_WARN_64_TO_32_BIT_CONVERSION = YES;
				GCC_WARN_ABOUT_RETURN_TYPE = YES_ERROR;
				GCC_WARN_UNDECLARED_SELECTOR = YES;
				GCC_WARN_UNINITIALIZED_AUTOS = YES_AGGRESSIVE;
				GCC_WARN_UNUSED_FUNCTION = YES;
				GCC_WARN_UNUSED_VARIABLE = YES;
				IPHONEOS_DEPLOYMENT_TARGET = 16.2;
				MTL_ENABLE_DEBUG_INFO = NO;
				MTL_FAST_MATH = YES;
				SDKROOT = iphoneos;
				SWIFT_COMPILATION_MODE = wholemodule;
				SWIFT_OPTIMIZATION_LEVEL = "-O";
				VALIDATE_PRODUCT = YES;
			};
			name = Release;
		};
		E65ED3B12A12E22B0062DC4E /* Debug */ = {
			isa = XCBuildConfiguration;
			buildSettings = {
				ASSETCATALOG_COMPILER_APPICON_NAME = AppIcon;
				ASSETCATALOG_COMPILER_GLOBAL_ACCENT_COLOR_NAME = AccentColor;
				CODE_SIGN_STYLE = Automatic;
				CURRENT_PROJECT_VERSION = 1;
				GENERATE_INFOPLIST_FILE = YES;
				INFOPLIST_FILE = FitMate/Info.plist;
				INFOPLIST_KEY_UIApplicationSupportsIndirectInputEvents = YES;
				INFOPLIST_KEY_UILaunchStoryboardName = LaunchScreen;
				INFOPLIST_KEY_UISupportedInterfaceOrientations_iPad = "UIInterfaceOrientationPortrait UIInterfaceOrientationPortraitUpsideDown UIInterfaceOrientationLandscapeLeft UIInterfaceOrientationLandscapeRight";
				INFOPLIST_KEY_UISupportedInterfaceOrientations_iPhone = "UIInterfaceOrientationPortrait UIInterfaceOrientationLandscapeLeft UIInterfaceOrientationLandscapeRight";
				LD_RUNPATH_SEARCH_PATHS = (
					"$(inherited)",
					"@executable_path/Frameworks",
				);
				MARKETING_VERSION = 1.0;
				PRODUCT_BUNDLE_IDENTIFIER = "Minoli-Fernando.FitMate";
				PRODUCT_NAME = "$(TARGET_NAME)";
				SWIFT_EMIT_LOC_STRINGS = YES;
				SWIFT_VERSION = 5.0;
				TARGETED_DEVICE_FAMILY = "1,2";
			};
			name = Debug;
		};
		E65ED3B22A12E22B0062DC4E /* Release */ = {
			isa = XCBuildConfiguration;
			buildSettings = {
				ASSETCATALOG_COMPILER_APPICON_NAME = AppIcon;
				ASSETCATALOG_COMPILER_GLOBAL_ACCENT_COLOR_NAME = AccentColor;
				CODE_SIGN_STYLE = Automatic;
				CURRENT_PROJECT_VERSION = 1;
				GENERATE_INFOPLIST_FILE = YES;
				INFOPLIST_FILE = FitMate/Info.plist;
				INFOPLIST_KEY_UIApplicationSupportsIndirectInputEvents = YES;
				INFOPLIST_KEY_UILaunchStoryboardName = LaunchScreen;
				INFOPLIST_KEY_UISupportedInterfaceOrientations_iPad = "UIInterfaceOrientationPortrait UIInterfaceOrientationPortraitUpsideDown UIInterfaceOrientationLandscapeLeft UIInterfaceOrientationLandscapeRight";
				INFOPLIST_KEY_UISupportedInterfaceOrientations_iPhone = "UIInterfaceOrientationPortrait UIInterfaceOrientationLandscapeLeft UIInterfaceOrientationLandscapeRight";
				LD_RUNPATH_SEARCH_PATHS = (
					"$(inherited)",
					"@executable_path/Frameworks",
				);
				MARKETING_VERSION = 1.0;
				PRODUCT_BUNDLE_IDENTIFIER = "Minoli-Fernando.FitMate";
				PRODUCT_NAME = "$(TARGET_NAME)";
				SWIFT_EMIT_LOC_STRINGS = YES;
				SWIFT_VERSION = 5.0;
				TARGETED_DEVICE_FAMILY = "1,2";
			};
			name = Release;
		};
/* End XCBuildConfiguration section */

/* Begin XCConfigurationList section */
		E65ED3972A12E2290062DC4E /* Build configuration list for PBXProject "FitMate" */ = {
			isa = XCConfigurationList;
			buildConfigurations = (
				E65ED3AE2A12E22B0062DC4E /* Debug */,
				E65ED3AF2A12E22B0062DC4E /* Release */,
			);
			defaultConfigurationIsVisible = 0;
			defaultConfigurationName = Release;
		};
		E65ED3B02A12E22B0062DC4E /* Build configuration list for PBXNativeTarget "FitMate" */ = {
			isa = XCConfigurationList;
			buildConfigurations = (
				E65ED3B12A12E22B0062DC4E /* Debug */,
				E65ED3B22A12E22B0062DC4E /* Release */,
			);
			defaultConfigurationIsVisible = 0;
			defaultConfigurationName = Release;
		};
/* End XCConfigurationList section */
	};
	rootObject = E65ED3942A12E2290062DC4E /* Project object */;
}
